// !$*UTF8*$!
{
	archiveVersion = 1;
	classes = {
	};
	objectVersion = 46;
	objects = {

/* Begin PBXBuildFile section */
		04D658621ACA8D65007FF48D /* 58x58.png in Resources */ = {isa = PBXBuildFile; fileRef = 04D658611ACA8D65007FF48D /* 58x58.png */; };
		84F5FB911A50E166009E3767 /* Foundation.framework in Frameworks */ = {isa = PBXBuildFile; fileRef = 84F5FB901A50E166009E3767 /* Foundation.framework */; };
		84F5FB931A50E166009E3767 /* CoreGraphics.framework in Frameworks */ = {isa = PBXBuildFile; fileRef = 84F5FB921A50E166009E3767 /* CoreGraphics.framework */; };
		84F5FB951A50E166009E3767 /* UIKit.framework in Frameworks */ = {isa = PBXBuildFile; fileRef = 84F5FB941A50E166009E3767 /* UIKit.framework */; };
		84F5FB9B1A50E166009E3767 /* InfoPlist.strings in Resources */ = {isa = PBXBuildFile; fileRef = 84F5FB991A50E166009E3767 /* InfoPlist.strings */; };
		84F5FB9D1A50E166009E3767 /* main.m in Sources */ = {isa = PBXBuildFile; fileRef = 84F5FB9C1A50E166009E3767 /* main.m */; };
		84F5FBA11A50E167009E3767 /* AppDelegate.m in Sources */ = {isa = PBXBuildFile; fileRef = 84F5FBA01A50E167009E3767 /* AppDelegate.m */; };
		84F5FBA31A50E167009E3767 /* Images.xcassets in Resources */ = {isa = PBXBuildFile; fileRef = 84F5FBA21A50E167009E3767 /* Images.xcassets */; };
		84F5FBAA1A50E167009E3767 /* XCTest.framework in Frameworks */ = {isa = PBXBuildFile; fileRef = 84F5FBA91A50E167009E3767 /* XCTest.framework */; };
		84F5FBAB1A50E167009E3767 /* Foundation.framework in Frameworks */ = {isa = PBXBuildFile; fileRef = 84F5FB901A50E166009E3767 /* Foundation.framework */; };
		84F5FBAC1A50E167009E3767 /* UIKit.framework in Frameworks */ = {isa = PBXBuildFile; fileRef = 84F5FB941A50E166009E3767 /* UIKit.framework */; };
		84F5FBB41A50E167009E3767 /* InfoPlist.strings in Resources */ = {isa = PBXBuildFile; fileRef = 84F5FBB21A50E167009E3767 /* InfoPlist.strings */; };
		84F5FBB61A50E167009E3767 /* BLECC41A.m in Sources */ = {isa = PBXBuildFile; fileRef = 84F5FBB51A50E167009E3767 /* BLECC41A.m */; };
		84F5FBC21A50E200009E3767 /* ViewController.m in Sources */ = {isa = PBXBuildFile; fileRef = 84F5FBC01A50E200009E3767 /* ViewController.m */; };
		84F5FBC31A50E200009E3767 /* ViewController.xib in Resources */ = {isa = PBXBuildFile; fileRef = 84F5FBC11A50E200009E3767 /* ViewController.xib */; };
		84F5FBD31A50E8E0009E3767 /* SerialGATT.m in Sources */ = {isa = PBXBuildFile; fileRef = 84F5FBD21A50E8E0009E3767 /* SerialGATT.m */; };
		84F5FBD81A50ED5F009E3767 /* BLEDeviceViewController.m in Sources */ = {isa = PBXBuildFile; fileRef = 84F5FBD61A50ED5F009E3767 /* BLEDeviceViewController.m */; };
		84F5FBD91A50ED5F009E3767 /* BLEDeviceViewController.xib in Resources */ = {isa = PBXBuildFile; fileRef = 84F5FBD71A50ED5F009E3767 /* BLEDeviceViewController.xib */; };
		84FFCE171A6FA46A001E22DE /* MJRefresh.bundle in Resources */ = {isa = PBXBuildFile; fileRef = 84FFCE0F1A6FA46A001E22DE /* MJRefresh.bundle */; };
		84FFCE181A6FA46A001E22DE /* MJRefreshBaseView.m in Sources */ = {isa = PBXBuildFile; fileRef = 84FFCE121A6FA46A001E22DE /* MJRefreshBaseView.m */; };
		84FFCE191A6FA46A001E22DE /* MJRefreshFooterView.m in Sources */ = {isa = PBXBuildFile; fileRef = 84FFCE141A6FA46A001E22DE /* MJRefreshFooterView.m */; };
		84FFCE1A1A6FA46A001E22DE /* MJRefreshHeaderView.m in Sources */ = {isa = PBXBuildFile; fileRef = 84FFCE161A6FA46A001E22DE /* MJRefreshHeaderView.m */; };
/* End PBXBuildFile section */

/* Begin PBXContainerItemProxy section */
		84F5FBAD1A50E167009E3767 /* PBXContainerItemProxy */ = {
			isa = PBXContainerItemProxy;
			containerPortal = 84F5FB851A50E166009E3767 /* Project object */;
			proxyType = 1;
			remoteGlobalIDString = 84F5FB8C1A50E166009E3767;
			remoteInfo = BuleToothText;
		};
/* End PBXContainerItemProxy section */

/* Begin PBXFileReference section */
		04D658611ACA8D65007FF48D /* 58x58.png */ = {isa = PBXFileReference; lastKnownFileType = image.png; path = 58x58.png; sourceTree = "<group>"; };
		84F5FB8D1A50E166009E3767 /* BLECC41A.app */ = {isa = PBXFileReference; explicitFileType = wrapper.application; includeInIndex = 0; path = BLECC41A.app; sourceTree = BUILT_PRODUCTS_DIR; };
		84F5FB901A50E166009E3767 /* Foundation.framework */ = {isa = PBXFileReference; lastKnownFileType = wrapper.framework; name = Foundation.framework; path = System/Library/Frameworks/Foundation.framework; sourceTree = SDKROOT; };
		84F5FB921A50E166009E3767 /* CoreGraphics.framework */ = {isa = PBXFileReference; lastKnownFileType = wrapper.framework; name = CoreGraphics.framework; path = System/Library/Frameworks/CoreGraphics.framework; sourceTree = SDKROOT; };
		84F5FB941A50E166009E3767 /* UIKit.framework */ = {isa = PBXFileReference; lastKnownFileType = wrapper.framework; name = UIKit.framework; path = System/Library/Frameworks/UIKit.framework; sourceTree = SDKROOT; };
		84F5FB981A50E166009E3767 /* BLECC41A-Info.plist */ = {isa = PBXFileReference; lastKnownFileType = text.plist.xml; path = "BLECC41A-Info.plist"; sourceTree = "<group>"; };
		84F5FB9A1A50E166009E3767 /* en */ = {isa = PBXFileReference; lastKnownFileType = text.plist.strings; name = en; path = en.lproj/InfoPlist.strings; sourceTree = "<group>"; };
		84F5FB9C1A50E166009E3767 /* main.m */ = {isa = PBXFileReference; lastKnownFileType = sourcecode.c.objc; path = main.m; sourceTree = "<group>"; };
		84F5FB9E1A50E166009E3767 /* BLECC41A-Prefix.pch */ = {isa = PBXFileReference; lastKnownFileType = sourcecode.c.h; path = "BLECC41A-Prefix.pch"; sourceTree = "<group>"; };
		84F5FB9F1A50E166009E3767 /* AppDelegate.h */ = {isa = PBXFileReference; lastKnownFileType = sourcecode.c.h; path = AppDelegate.h; sourceTree = "<group>"; };
		84F5FBA01A50E167009E3767 /* AppDelegate.m */ = {isa = PBXFileReference; lastKnownFileType = sourcecode.c.objc; path = AppDelegate.m; sourceTree = "<group>"; };
		84F5FBA21A50E167009E3767 /* Images.xcassets */ = {isa = PBXFileReference; lastKnownFileType = folder.assetcatalog; path = Images.xcassets; sourceTree = "<group>"; };
		84F5FBA81A50E167009E3767 /* BLECC41ATests.xctest */ = {isa = PBXFileReference; explicitFileType = wrapper.cfbundle; includeInIndex = 0; path = BLECC41ATests.xctest; sourceTree = BUILT_PRODUCTS_DIR; };
		84F5FBA91A50E167009E3767 /* XCTest.framework */ = {isa = PBXFileReference; lastKnownFileType = wrapper.framework; name = XCTest.framework; path = Library/Frameworks/XCTest.framework; sourceTree = DEVELOPER_DIR; };
		84F5FBB11A50E167009E3767 /* BLECC41ATests-Info.plist */ = {isa = PBXFileReference; lastKnownFileType = text.plist.xml; path = "BLECC41ATests-Info.plist"; sourceTree = "<group>"; };
		84F5FBB31A50E167009E3767 /* en */ = {isa = PBXFileReference; lastKnownFileType = text.plist.strings; name = en; path = en.lproj/InfoPlist.strings; sourceTree = "<group>"; };
		84F5FBB51A50E167009E3767 /* BLECC41A.m */ = {isa = PBXFileReference; lastKnownFileType = sourcecode.c.objc; path = BLECC41A.m; sourceTree = "<group>"; };
		84F5FBBF1A50E200009E3767 /* ViewController.h */ = {isa = PBXFileReference; fileEncoding = 4; lastKnownFileType = sourcecode.c.h; path = ViewController.h; sourceTree = "<group>"; };
		84F5FBC01A50E200009E3767 /* ViewController.m */ = {isa = PBXFileReference; fileEncoding = 4; lastKnownFileType = sourcecode.c.objc; path = ViewController.m; sourceTree = "<group>"; };
		84F5FBC11A50E200009E3767 /* ViewController.xib */ = {isa = PBXFileReference; fileEncoding = 4; lastKnownFileType = file.xib; path = ViewController.xib; sourceTree = "<group>"; };
		84F5FBD11A50E8E0009E3767 /* SerialGATT.h */ = {isa = PBXFileReference; fileEncoding = 4; lastKnownFileType = sourcecode.c.h; path = SerialGATT.h; sourceTree = "<group>"; };
		84F5FBD21A50E8E0009E3767 /* SerialGATT.m */ = {isa = PBXFileReference; fileEncoding = 4; lastKnownFileType = sourcecode.c.objc; path = SerialGATT.m; sourceTree = "<group>"; };
		84F5FBD51A50ED5F009E3767 /* BLEDeviceViewController.h */ = {isa = PBXFileReference; fileEncoding = 4; lastKnownFileType = sourcecode.c.h; path = BLEDeviceViewController.h; sourceTree = "<group>"; };
		84F5FBD61A50ED5F009E3767 /* BLEDeviceViewController.m */ = {isa = PBXFileReference; fileEncoding = 4; lastKnownFileType = sourcecode.c.objc; path = BLEDeviceViewController.m; sourceTree = "<group>"; };
		84F5FBD71A50ED5F009E3767 /* BLEDeviceViewController.xib */ = {isa = PBXFileReference; fileEncoding = 4; lastKnownFileType = file.xib; path = BLEDeviceViewController.xib; sourceTree = "<group>"; };
		84FFCE0F1A6FA46A001E22DE /* MJRefresh.bundle */ = {isa = PBXFileReference; lastKnownFileType = "wrapper.plug-in"; path = MJRefresh.bundle; sourceTree = "<group>"; };
		84FFCE101A6FA46A001E22DE /* MJRefresh.h */ = {isa = PBXFileReference; fileEncoding = 4; lastKnownFileType = sourcecode.c.h; path = MJRefresh.h; sourceTree = "<group>"; };
		84FFCE111A6FA46A001E22DE /* MJRefreshBaseView.h */ = {isa = PBXFileReference; fileEncoding = 4; lastKnownFileType = sourcecode.c.h; path = MJRefreshBaseView.h; sourceTree = "<group>"; };
		84FFCE121A6FA46A001E22DE /* MJRefreshBaseView.m */ = {isa = PBXFileReference; fileEncoding = 4; lastKnownFileType = sourcecode.c.objc; path = MJRefreshBaseView.m; sourceTree = "<group>"; };
		84FFCE131A6FA46A001E22DE /* MJRefreshFooterView.h */ = {isa = PBXFileReference; fileEncoding = 4; lastKnownFileType = sourcecode.c.h; path = MJRefreshFooterView.h; sourceTree = "<group>"; };
		84FFCE141A6FA46A001E22DE /* MJRefreshFooterView.m */ = {isa = PBXFileReference; fileEncoding = 4; lastKnownFileType = sourcecode.c.objc; path = MJRefreshFooterView.m; sourceTree = "<group>"; };
		84FFCE151A6FA46A001E22DE /* MJRefreshHeaderView.h */ = {isa = PBXFileReference; fileEncoding = 4; lastKnownFileType = sourcecode.c.h; path = MJRefreshHeaderView.h; sourceTree = "<group>"; };
		84FFCE161A6FA46A001E22DE /* MJRefreshHeaderView.m */ = {isa = PBXFileReference; fileEncoding = 4; lastKnownFileType = sourcecode.c.objc; path = MJRefreshHeaderView.m; sourceTree = "<group>"; };
/* End PBXFileReference section */

/* Begin PBXFrameworksBuildPhase section */
		84F5FB8A1A50E166009E3767 /* Frameworks */ = {
			isa = PBXFrameworksBuildPhase;
			buildActionMask = 2147483647;
			files = (
				84F5FB931A50E166009E3767 /* CoreGraphics.framework in Frameworks */,
				84F5FB951A50E166009E3767 /* UIKit.framework in Frameworks */,
				84F5FB911A50E166009E3767 /* Foundation.framework in Frameworks */,
			);
			runOnlyForDeploymentPostprocessing = 0;
		};
		84F5FBA51A50E167009E3767 /* Frameworks */ = {
			isa = PBXFrameworksBuildPhase;
			buildActionMask = 2147483647;
			files = (
				84F5FBAA1A50E167009E3767 /* XCTest.framework in Frameworks */,
				84F5FBAC1A50E167009E3767 /* UIKit.framework in Frameworks */,
				84F5FBAB1A50E167009E3767 /* Foundation.framework in Frameworks */,
			);
			runOnlyForDeploymentPostprocessing = 0;
		};
/* End PBXFrameworksBuildPhase section */

/* Begin PBXGroup section */
		84F5FB841A50E166009E3767 = {
			isa = PBXGroup;
			children = (
				84FFCE0E1A6FA46A001E22DE /* MJRefresh */,
				84F5FBD41A50E8E4009E3767 /* SerialGATT */,
				84F5FB961A50E166009E3767 /* BLECC41A */,
				84F5FBAF1A50E167009E3767 /* BLECC41ATests */,
				84F5FB8F1A50E166009E3767 /* Frameworks */,
				84F5FB8E1A50E166009E3767 /* Products */,
			);
			sourceTree = "<group>";
		};
		84F5FB8E1A50E166009E3767 /* Products */ = {
			isa = PBXGroup;
			children = (
				84F5FB8D1A50E166009E3767 /* BLECC41A.app */,
				84F5FBA81A50E167009E3767 /* BLECC41ATests.xctest */,
			);
			name = Products;
			sourceTree = "<group>";
		};
		84F5FB8F1A50E166009E3767 /* Frameworks */ = {
			isa = PBXGroup;
			children = (
				84F5FB901A50E166009E3767 /* Foundation.framework */,
				84F5FB921A50E166009E3767 /* CoreGraphics.framework */,
				84F5FB941A50E166009E3767 /* UIKit.framework */,
				84F5FBA91A50E167009E3767 /* XCTest.framework */,
			);
			name = Frameworks;
			sourceTree = "<group>";
		};
		84F5FB961A50E166009E3767 /* BLECC41A */ = {
			isa = PBXGroup;
			children = (
				04D658611ACA8D65007FF48D /* 58x58.png */,
				84F5FB9F1A50E166009E3767 /* AppDelegate.h */,
				84F5FBA01A50E167009E3767 /* AppDelegate.m */,
				84F5FBBF1A50E200009E3767 /* ViewController.h */,
				84F5FBC01A50E200009E3767 /* ViewController.m */,
				84F5FBD51A50ED5F009E3767 /* BLEDeviceViewController.h */,
				84F5FBD61A50ED5F009E3767 /* BLEDeviceViewController.m */,
				84F5FBD71A50ED5F009E3767 /* BLEDeviceViewController.xib */,
				84F5FBC11A50E200009E3767 /* ViewController.xib */,
				84F5FBA21A50E167009E3767 /* Images.xcassets */,
				84F5FB971A50E166009E3767 /* Supporting Files */,
			);
			path = BLECC41A;
			sourceTree = "<group>";
		};
		84F5FB971A50E166009E3767 /* Supporting Files */ = {
			isa = PBXGroup;
			children = (
				84F5FB981A50E166009E3767 /* BLECC41A-Info.plist */,
				84F5FB991A50E166009E3767 /* InfoPlist.strings */,
				84F5FB9C1A50E166009E3767 /* main.m */,
				84F5FB9E1A50E166009E3767 /* BLECC41A-Prefix.pch */,
			);
			name = "Supporting Files";
			sourceTree = "<group>";
		};
		84F5FBAF1A50E167009E3767 /* BLECC41ATests */ = {
			isa = PBXGroup;
			children = (
				84F5FBB51A50E167009E3767 /* BLECC41A.m */,
				84F5FBB01A50E167009E3767 /* Supporting Files */,
			);
			path = BLECC41ATests;
			sourceTree = "<group>";
		};
		84F5FBB01A50E167009E3767 /* Supporting Files */ = {
			isa = PBXGroup;
			children = (
				84F5FBB11A50E167009E3767 /* BLECC41ATests-Info.plist */,
				84F5FBB21A50E167009E3767 /* InfoPlist.strings */,
			);
			name = "Supporting Files";
			sourceTree = "<group>";
		};
		84F5FBD41A50E8E4009E3767 /* SerialGATT */ = {
			isa = PBXGroup;
			children = (
				84F5FBD11A50E8E0009E3767 /* SerialGATT.h */,
				84F5FBD21A50E8E0009E3767 /* SerialGATT.m */,
			);
			name = SerialGATT;
			sourceTree = "<group>";
		};
		84FFCE0E1A6FA46A001E22DE /* MJRefresh */ = {
			isa = PBXGroup;
			children = (
				84FFCE0F1A6FA46A001E22DE /* MJRefresh.bundle */,
				84FFCE101A6FA46A001E22DE /* MJRefresh.h */,
				84FFCE111A6FA46A001E22DE /* MJRefreshBaseView.h */,
				84FFCE121A6FA46A001E22DE /* MJRefreshBaseView.m */,
				84FFCE131A6FA46A001E22DE /* MJRefreshFooterView.h */,
				84FFCE141A6FA46A001E22DE /* MJRefreshFooterView.m */,
				84FFCE151A6FA46A001E22DE /* MJRefreshHeaderView.h */,
				84FFCE161A6FA46A001E22DE /* MJRefreshHeaderView.m */,
			);
			path = MJRefresh;
			sourceTree = "<group>";
		};
/* End PBXGroup section */

/* Begin PBXNativeTarget section */
		84F5FB8C1A50E166009E3767 /* BLECC41A */ = {
			isa = PBXNativeTarget;
			buildConfigurationList = 84F5FBB91A50E167009E3767 /* Build configuration list for PBXNativeTarget "BLECC41A" */;
			buildPhases = (
				84F5FB891A50E166009E3767 /* Sources */,
				84F5FB8A1A50E166009E3767 /* Frameworks */,
				84F5FB8B1A50E166009E3767 /* Resources */,
			);
			buildRules = (
			);
			dependencies = (
			);
			name = BLECC41A;
			productName = BuleToothText;
			productReference = 84F5FB8D1A50E166009E3767 /* BLECC41A.app */;
			productType = "com.apple.product-type.application";
		};
		84F5FBA71A50E167009E3767 /* BLECC41ATests */ = {
			isa = PBXNativeTarget;
			buildConfigurationList = 84F5FBBC1A50E167009E3767 /* Build configuration list for PBXNativeTarget "BLECC41ATests" */;
			buildPhases = (
				84F5FBA41A50E167009E3767 /* Sources */,
				84F5FBA51A50E167009E3767 /* Frameworks */,
				84F5FBA61A50E167009E3767 /* Resources */,
			);
			buildRules = (
			);
			dependencies = (
				84F5FBAE1A50E167009E3767 /* PBXTargetDependency */,
			);
			name = BLECC41ATests;
			productName = BuleToothTextTests;
			productReference = 84F5FBA81A50E167009E3767 /* BLECC41ATests.xctest */;
			productType = "com.apple.product-type.bundle.unit-test";
		};
/* End PBXNativeTarget section */

/* Begin PBXProject section */
		84F5FB851A50E166009E3767 /* Project object */ = {
			isa = PBXProject;
			attributes = {
				LastUpgradeCheck = 0510;
				ORGANIZATIONNAME = TRY.;
				TargetAttributes = {
					84F5FB8C1A50E166009E3767 = {
						DevelopmentTeam = 6TWECAM3DM;
					};
				};
			};
			buildConfigurationList = 84F5FB881A50E166009E3767 /* Build configuration list for PBXProject "BLECC41A" */;
			compatibilityVersion = "Xcode 3.2";
			developmentRegion = English;
			hasScannedForEncodings = 0;
			knownRegions = (
				en,
			);
			mainGroup = 84F5FB841A50E166009E3767;
			productRefGroup = 84F5FB8E1A50E166009E3767 /* Products */;
			projectDirPath = "";
			projectRoot = "";
			targets = (
				84F5FB8C1A50E166009E3767 /* BLECC41A */,
				84F5FBA71A50E167009E3767 /* BLECC41ATests */,
			);
		};
/* End PBXProject section */

/* Begin PBXResourcesBuildPhase section */
		84F5FB8B1A50E166009E3767 /* Resources */ = {
			isa = PBXResourcesBuildPhase;
			buildActionMask = 2147483647;
			files = (
				84F5FB9B1A50E166009E3767 /* InfoPlist.strings in Resources */,
				84F5FBD91A50ED5F009E3767 /* BLEDeviceViewController.xib in Resources */,
				84F5FBC31A50E200009E3767 /* ViewController.xib in Resources */,
				84FFCE171A6FA46A001E22DE /* MJRefresh.bundle in Resources */,
				04D658621ACA8D65007FF48D /* 58x58.png in Resources */,
				84F5FBA31A50E167009E3767 /* Images.xcassets in Resources */,
			);
			runOnlyForDeploymentPostprocessing = 0;
		};
		84F5FBA61A50E167009E3767 /* Resources */ = {
			isa = PBXResourcesBuildPhase;
			buildActionMask = 2147483647;
			files = (
				84F5FBB41A50E167009E3767 /* InfoPlist.strings in Resources */,
			);
			runOnlyForDeploymentPostprocessing = 0;
		};
/* End PBXResourcesBuildPhase section */

/* Begin PBXSourcesBuildPhase section */
		84F5FB891A50E166009E3767 /* Sources */ = {
			isa = PBXSourcesBuildPhase;
			buildActionMask = 2147483647;
			files = (
				84FFCE181A6FA46A001E22DE /* MJRefreshBaseView.m in Sources */,
				84F5FBD31A50E8E0009E3767 /* SerialGATT.m in Sources */,
				84FFCE1A1A6FA46A001E22DE /* MJRefreshHeaderView.m in Sources */,
				84F5FBC21A50E200009E3767 /* ViewController.m in Sources */,
				84F5FBA11A50E167009E3767 /* AppDelegate.m in Sources */,
				84F5FBD81A50ED5F009E3767 /* BLEDeviceViewController.m in Sources */,
				84F5FB9D1A50E166009E3767 /* main.m in Sources */,
				84FFCE191A6FA46A001E22DE /* MJRefreshFooterView.m in Sources */,
			);
			runOnlyForDeploymentPostprocessing = 0;
		};
		84F5FBA41A50E167009E3767 /* Sources */ = {
			isa = PBXSourcesBuildPhase;
			buildActionMask = 2147483647;
			files = (
				84F5FBB61A50E167009E3767 /* BLECC41A.m in Sources */,
			);
			runOnlyForDeploymentPostprocessing = 0;
		};
/* End PBXSourcesBuildPhase section */

/* Begin PBXTargetDependency section */
		84F5FBAE1A50E167009E3767 /* PBXTargetDependency */ = {
			isa = PBXTargetDependency;
			target = 84F5FB8C1A50E166009E3767 /* BLECC41A */;
			targetProxy = 84F5FBAD1A50E167009E3767 /* PBXContainerItemProxy */;
		};
/* End PBXTargetDependency section */

/* Begin PBXVariantGroup section */
		84F5FB991A50E166009E3767 /* InfoPlist.strings */ = {
			isa = PBXVariantGroup;
			children = (
				84F5FB9A1A50E166009E3767 /* en */,
			);
			name = InfoPlist.strings;
			sourceTree = "<group>";
		};
		84F5FBB21A50E167009E3767 /* InfoPlist.strings */ = {
			isa = PBXVariantGroup;
			children = (
				84F5FBB31A50E167009E3767 /* en */,
			);
			name = InfoPlist.strings;
			sourceTree = "<group>";
		};
/* End PBXVariantGroup section */

/* Begin XCBuildConfiguration section */
		84F5FBB71A50E167009E3767 /* Debug */ = {
			isa = XCBuildConfiguration;
			buildSettings = {
				ALWAYS_SEARCH_USER_PATHS = NO;
				CLANG_CXX_LANGUAGE_STANDARD = "gnu++0x";
				CLANG_CXX_LIBRARY = "libc++";
				CLANG_ENABLE_MODULES = YES;
				CLANG_ENABLE_OBJC_ARC = YES;
				CLANG_WARN_BOOL_CONVERSION = YES;
				CLANG_WARN_CONSTANT_CONVERSION = YES;
				CLANG_WARN_DIRECT_OBJC_ISA_USAGE = YES_ERROR;
				CLANG_WARN_EMPTY_BODY = YES;
				CLANG_WARN_ENUM_CONVERSION = YES;
				CLANG_WARN_INT_CONVERSION = YES;
				CLANG_WARN_OBJC_ROOT_CLASS = YES_ERROR;
				CLANG_WARN__DUPLICATE_METHOD_MATCH = YES;
				"CODE_SIGN_IDENTITY[sdk=iphoneos*]" = "iPhone Developer";
				COPY_PHASE_STRIP = NO;
				GCC_C_LANGUAGE_STANDARD = gnu99;
				GCC_DYNAMIC_NO_PIC = NO;
				GCC_OPTIMIZATION_LEVEL = 0;
				GCC_PREPROCESSOR_DEFINITIONS = (
					"DEBUG=1",
					"$(inherited)",
				);
				GCC_SYMBOLS_PRIVATE_EXTERN = NO;
				GCC_WARN_64_TO_32_BIT_CONVERSION = YES;
				GCC_WARN_ABOUT_RETURN_TYPE = YES_ERROR;
				GCC_WARN_UNDECLARED_SELECTOR = YES;
				GCC_WARN_UNINITIALIZED_AUTOS = YES_AGGRESSIVE;
				GCC_WARN_UNUSED_FUNCTION = YES;
				GCC_WARN_UNUSED_VARIABLE = YES;
				IPHONEOS_DEPLOYMENT_TARGET = 7.1;
				ONLY_ACTIVE_ARCH = YES;
				PROVISIONING_PROFILE = "258e9120-4045-4105-9dfe-5b4da90a6129";
				SDKROOT = iphoneos;
			};
			name = Debug;
		};
		84F5FBB81A50E167009E3767 /* Release */ = {
			isa = XCBuildConfiguration;
			buildSettings = {
				ALWAYS_SEARCH_USER_PATHS = NO;
				CLANG_CXX_LANGUAGE_STANDARD = "gnu++0x";
				CLANG_CXX_LIBRARY = "libc++";
				CLANG_ENABLE_MODULES = YES;
				CLANG_ENABLE_OBJC_ARC = YES;
				CLANG_WARN_BOOL_CONVERSION = YES;
				CLANG_WARN_CONSTANT_CONVERSION = YES;
				CLANG_WARN_DIRECT_OBJC_ISA_USAGE = YES_ERROR;
				CLANG_WARN_EMPTY_BODY = YES;
				CLANG_WARN_ENUM_CONVERSION = YES;
				CLANG_WARN_INT_CONVERSION = YES;
				CLANG_WARN_OBJC_ROOT_CLASS = YES_ERROR;
				CLANG_WARN__DUPLICATE_METHOD_MATCH = YES;
				"CODE_SIGN_IDENTITY[sdk=iphoneos*]" = "iPhone Developer";
				COPY_PHASE_STRIP = YES;
				ENABLE_NS_ASSERTIONS = NO;
				GCC_C_LANGUAGE_STANDARD = gnu99;
				GCC_WARN_64_TO_32_BIT_CONVERSION = YES;
				GCC_WARN_ABOUT_RETURN_TYPE = YES_ERROR;
				GCC_WARN_UNDECLARED_SELECTOR = YES;
				GCC_WARN_UNINITIALIZED_AUTOS = YES_AGGRESSIVE;
				GCC_WARN_UNUSED_FUNCTION = YES;
				GCC_WARN_UNUSED_VARIABLE = YES;
				IPHONEOS_DEPLOYMENT_TARGET = 7.1;
				PROVISIONING_PROFILE = "258e9120-4045-4105-9dfe-5b4da90a6129";
				SDKROOT = iphoneos;
				VALIDATE_PRODUCT = YES;
			};
			name = Release;
		};
		84F5FBBA1A50E167009E3767 /* Debug */ = {
			isa = XCBuildConfiguration;
			buildSettings = {
				ASSETCATALOG_COMPILER_APPICON_NAME = AppIcon;
				ASSETCATALOG_COMPILER_LAUNCHIMAGE_NAME = LaunchImage;
				CODE_SIGN_IDENTITY = "iPhone Developer";
				"CODE_SIGN_IDENTITY[sdk=iphoneos*]" = "iPhone Developer";
				GCC_PRECOMPILE_PREFIX_HEADER = YES;
				GCC_PREFIX_HEADER = "BLECC41A-Prefix.pch";
				INFOPLIST_FILE = "$(SRCROOT)/BLECC41A/BLECC41A-Info.plist";
				IPHONEOS_DEPLOYMENT_TARGET = 8.0;
				PRODUCT_NAME = BLECC41A;
				PROVISIONING_PROFILE = "";
				TARGETED_DEVICE_FAMILY = "1,2";
				WRAPPER_EXTENSION = app;
			};
			name = Debug;
		};
		84F5FBBB1A50E167009E3767 /* Release */ = {
			isa = XCBuildConfiguration;
			buildSettings = {
				ASSETCATALOG_COMPILER_APPICON_NAME = AppIcon;
				ASSETCATALOG_COMPILER_LAUNCHIMAGE_NAME = LaunchImage;
				CODE_SIGN_IDENTITY = "iPhone Developer";
				"CODE_SIGN_IDENTITY[sdk=iphoneos*]" = "iPhone Developer";
				GCC_PRECOMPILE_PREFIX_HEADER = YES;
				GCC_PREFIX_HEADER = "BLECC41A-Prefix.pch";
				INFOPLIST_FILE = "$(SRCROOT)/BLECC41A/BLECC41A-Info.plist";
				IPHONEOS_DEPLOYMENT_TARGET = 8.0;
				PRODUCT_NAME = BLECC41A;
				PROVISIONING_PROFILE = "";
				TARGETED_DEVICE_FAMILY = "1,2";
				WRAPPER_EXTENSION = app;
			};
			name = Release;
		};
		84F5FBBD1A50E167009E3767 /* Debug */ = {
			isa = XCBuildConfiguration;
			buildSettings = {
				FRAMEWORK_SEARCH_PATHS = (
					"$(SDKROOT)/Developer/Library/Frameworks",
					"$(inherited)",
					"$(DEVELOPER_FRAMEWORKS_DIR)",
				);
				GCC_PRECOMPILE_PREFIX_HEADER = YES;
				GCC_PREFIX_HEADER = "BLECC41A-Prefix.pch";
				GCC_PREPROCESSOR_DEFINITIONS = (
					"DEBUG=1",
					"$(inherited)",
				);
				INFOPLIST_FILE = "BLECC41ATests-Info.plist";
				PRODUCT_NAME = BLECC41ATests;
				WRAPPER_EXTENSION = xctest;
			};
			name = Debug;
		};
		84F5FBBE1A50E167009E3767 /* Release */ = {
			isa = XCBuildConfiguration;
			buildSettings = {
				FRAMEWORK_SEARCH_PATHS = (
					"$(SDKROOT)/Developer/Library/Frameworks",
					"$(inherited)",
					"$(DEVELOPER_FRAMEWORKS_DIR)",
				);
				GCC_PRECOMPILE_PREFIX_HEADER = YES;
				GCC_PREFIX_HEADER = "BLECC41A-Prefix.pch";
				INFOPLIST_FILE = "BLECC41ATests-Info.plist";
				PRODUCT_NAME = BLECC41ATests;
				WRAPPER_EXTENSION = xctest;
			};
			name = Release;
		};
/* End XCBuildConfiguration section */

/* Begin XCConfigurationList section */
		84F5FB881A50E166009E3767 /* Build configuration list for PBXProject "BLECC41A" */ = {
			isa = XCConfigurationList;
			buildConfigurations = (
				84F5FBB71A50E167009E3767 /* Debug */,
				84F5FBB81A50E167009E3767 /* Release */,
			);
			defaultConfigurationIsVisible = 0;
			defaultConfigurationName = Release;
		};
		84F5FBB91A50E167009E3767 /* Build configuration list for PBXNativeTarget "BLECC41A" */ = {
			isa = XCConfigurationList;
			buildConfigurations = (
				84F5FBBA1A50E167009E3767 /* Debug */,
				84F5FBBB1A50E167009E3767 /* Release */,
			);
			defaultConfigurationIsVisible = 0;
			defaultConfigurationName = Release;
		};
		84F5FBBC1A50E167009E3767 /* Build configuration list for PBXNativeTarget "BLECC41ATests" */ = {
			isa = XCConfigurationList;
			buildConfigurations = (
				84F5FBBD1A50E167009E3767 /* Debug */,
				84F5FBBE1A50E167009E3767 /* Release */,
			);
			defaultConfigurationIsVisible = 0;
			defaultConfigurationName = Release;
		};
/* End XCConfigurationList section */
	};
	rootObject = 84F5FB851A50E166009E3767 /* Project object */;
}
